
Microsoft Visual Studio Solution File, Format Version 12.00
# Visual Studio Version 17
VisualStudioVersion = 17.11.35222.181
MinimumVisualStudioVersion = 10.0.40219.1
Project("{9A19103F-16F7-4668-BE54-9A1E7A4F7556}") = "CSharp_lab05", "CSharp_lab05\CSharp_lab05.csproj", "{3A6FBDBB-214B-42A8-95A6-9211F0C486D3}"
EndProject
Project("{FAE04EC0-301F-11D3-BF4B-00C04F79EFBC}") = "CSharp_lab05_2", "CSharp_lab05_2\CSharp_lab05_2.csproj", "{6BD8DE48-77CF-4D22-9B5A-6320C1C426DA}"
EndProject
Project("{FAE04EC0-301F-11D3-BF4B-00C04F79EFBC}") = "CSharp_lab05_3", "CSharp_lab05_3\CSharp_lab05_3.csproj", "{212F4AFA-C13F-4665-B150-EA1ACEDFAA96}"
EndProject
Global
	GlobalSection(SolutionConfigurationPlatforms) = preSolution
		Debug|Any CPU = Debug|Any CPU
		Release|Any CPU = Release|Any CPU
	EndGlobalSection
	GlobalSection(ProjectConfigurationPlatforms) = postSolution
		{3A6FBDBB-214B-42A8-95A6-9211F0C486D3}.Debug|Any CPU.ActiveCfg = Debug|Any CPU
		{3A6FBDBB-214B-42A8-95A6-9211F0C486D3}.Debug|Any CPU.Build.0 = Debug|Any CPU
		{3A6FBDBB-214B-42A8-95A6-9211F0C486D3}.Release|Any CPU.ActiveCfg = Release|Any CPU
		{3A6FBDBB-214B-42A8-95A6-9211F0C486D3}.Release|Any CPU.Build.0 = Release|Any CPU
		{6BD8DE48-77CF-4D22-9B5A-6320C1C426DA}.Debug|Any CPU.ActiveCfg = Debug|Any CPU
		{6BD8DE48-77CF-4D22-9B5A-6320C1C426DA}.Debug|Any CPU.Build.0 = Debug|Any CPU
		{6BD8DE48-77CF-4D22-9B5A-6320C1C426DA}.Release|Any CPU.ActiveCfg = Release|Any CPU
		{6BD8DE48-77CF-4D22-9B5A-6320C1C426DA}.Release|Any CPU.Build.0 = Release|Any CPU
		{212F4AFA-C13F-4665-B150-EA1ACEDFAA96}.Debug|Any CPU.ActiveCfg = Debug|Any CPU
		{212F4AFA-C13F-4665-B150-EA1ACEDFAA96}.Debug|Any CPU.Build.0 = Debug|Any CPU
		{212F4AFA-C13F-4665-B150-EA1ACEDFAA96}.Release|Any CPU.ActiveCfg = Release|Any CPU
		{212F4AFA-C13F-4665-B150-EA1ACEDFAA96}.Release|Any CPU.Build.0 = Release|Any CPU
	EndGlobalSection
	GlobalSection(SolutionProperties) = preSolution
		HideSolutionNode = FALSE
	EndGlobalSection
	GlobalSection(ExtensibilityGlobals) = postSolution
		SolutionGuid = {EF6B07F7-CA0A-4B7B-B65D-4B6D972FE528}
	EndGlobalSection
EndGlobal
